
Microsoft Visual Studio Solution File, Format Version 12.00
# Visual Studio Version 17
VisualStudioVersion = 17.4.33213.308
MinimumVisualStudioVersion = 10.0.40219.1
Project("{FAE04EC0-301F-11D3-BF4B-00C04F79EFBC}") = "Counter 1.1.1", "1.1.1\Counter 1.1.1.csproj", "{A1A5B886-2D0A-4D2A-AE13-409560D5227C}"
EndProject
Project("{FAE04EC0-301F-11D3-BF4B-00C04F79EFBC}") = "Counter 1.1.0", "1.1.0\Counter 1.1.0.csproj", "{B1EF3351-D52E-4379-8CB4-2A38C5B10AB5}"
EndProject
Project("{FAE04EC0-301F-11D3-BF4B-00C04F79EFBC}") = "Counter 1.0.9", "1.0.9\Counter 1.0.9.csproj", "{9D95F081-23C4-42F2-8C82-ACE4A8DDB728}"
EndProject
Project("{FAE04EC0-301F-11D3-BF4B-00C04F79EFBC}") = "Counter 1.0.8", "1.0.8\Counter 1.0.8.csproj", "{A65D7EB8-3433-4573-B7EC-F6A2F3E73483}"
EndProject
Project("{FAE04EC0-301F-11D3-BF4B-00C04F79EFBC}") = "Counter 1.0.7", "1.0.7\Counter 1.0.7.csproj", "{1E5B25AA-D305-4FA2-8781-BE839DC66441}"
EndProject
Project("{FAE04EC0-301F-11D3-BF4B-00C04F79EFBC}") = "Counter 1.0.6", "1.0.6\Counter 1.0.6.csproj", "{865A679C-4A3B-48BB-8B39-CFEB6792C110}"
EndProject
Project("{FAE04EC0-301F-11D3-BF4B-00C04F79EFBC}") = "Counter 1.0.5", "1.0.5\Counter 1.0.5.csproj", "{2011437A-81A2-4C74-9DB7-CD1D310EF1FE}"
EndProject
Project("{FAE04EC0-301F-11D3-BF4B-00C04F79EFBC}") = "Counter 1.0.4", "1.0.4\Counter 1.0.4.csproj", "{A7C02AD1-CCE0-4B4C-B329-D105941BA3A9}"
EndProject
Project("{FAE04EC0-301F-11D3-BF4B-00C04F79EFBC}") = "Counter 1.0.3", "1.0.3\Counter 1.0.3.csproj", "{333C535B-18C6-4EB0-8FD7-80655E937953}"
EndProject
Project("{FAE04EC0-301F-11D3-BF4B-00C04F79EFBC}") = "Counter 1.0.2", "1.0.2\Counter 1.0.2.csproj", "{58135E97-B999-41D3-A23D-E1A8766A538F}"
EndProject
Project("{FAE04EC0-301F-11D3-BF4B-00C04F79EFBC}") = "Counter 1.0.1", "1.0.1\Counter 1.0.1.csproj", "{E1B6B1C1-7385-489E-BE26-6227C148522E}"
EndProject
Project("{FAE04EC0-301F-11D3-BF4B-00C04F79EFBC}") = "Counter 1.0.0", "1.0.0\Counter 1.0.0.csproj", "{E39F7778-555F-46C6-B8D9-2F0716ADC451}"
EndProject
Project("{FAE04EC0-301F-11D3-BF4B-00C04F79EFBC}") = "Counter 0.9", "0.9\Counter 0.9.csproj", "{B4C351D9-E413-4015-814D-925DFF0C2306}"
EndProject
Project("{FAE04EC0-301F-11D3-BF4B-00C04F79EFBC}") = "Counter 0.8", "0.8\Counter 0.8.csproj", "{D6C4294B-C9C9-46AE-8770-6C26148136F7}"
EndProject
Project("{FAE04EC0-301F-11D3-BF4B-00C04F79EFBC}") = "Counter 0.7", "0.7\Counter 0.7.csproj", "{BDD17973-EE3B-4E78-BAEF-5108D9B118B8}"
EndProject
Project("{FAE04EC0-301F-11D3-BF4B-00C04F79EFBC}") = "Counter 0.6", "0.6\Counter 0.6.csproj", "{6E1CB3B7-DD20-46F5-A117-D1DA2CB97073}"
EndProject
Project("{FAE04EC0-301F-11D3-BF4B-00C04F79EFBC}") = "Counter 0.5", "0.5\Counter 0.5.csproj", "{EE2BFF13-8E6B-4324-9912-14F105153147}"
EndProject
Project("{FAE04EC0-301F-11D3-BF4B-00C04F79EFBC}") = "Counter 0.4", "0.4\Counter 0.4.csproj", "{078FE00C-BEA9-4204-B787-B39AE22F3019}"
EndProject
Project("{FAE04EC0-301F-11D3-BF4B-00C04F79EFBC}") = "Counter 0.3", "0.3\Counter 0.3.csproj", "{265E0CCE-2202-4ED0-A668-EB754C23C1C8}"
EndProject
Project("{FAE04EC0-301F-11D3-BF4B-00C04F79EFBC}") = "Counter 0.2", "0.2\Counter 0.2.csproj", "{607FF13E-F8A8-473E-BD83-AFF0BC7DDDE2}"
EndProject
Project("{FAE04EC0-301F-11D3-BF4B-00C04F79EFBC}") = "Counter 0.1", "0.1\Counter 0.1.csproj", "{8B5FFEED-E693-426C-8EF3-AF1F4B67063C}"
EndProject
Project("{FAE04EC0-301F-11D3-BF4B-00C04F79EFBC}") = "Counter 0.0", "0.0\Counter 0.0.csproj", "{BE99B9A4-DC43-43AC-AE96-C01370E1EC48}"
EndProject
Project("{FAE04EC0-301F-11D3-BF4B-00C04F79EFBC}") = "Counter 1.1.2", "1.1.2\Counter 1.1.2.csproj", "{0324E176-26B6-4079-A9DB-ED8F59759039}"
EndProject
Project("{FAE04EC0-301F-11D3-BF4B-00C04F79EFBC}") = "Counter 1.1.4", "1.1.4\Counter 1.1.4.csproj", "{F6344650-29E1-4343-9469-C0639CDECDE8}"
EndProject
Project("{FAE04EC0-301F-11D3-BF4B-00C04F79EFBC}") = "Counter 1.1.3", "1.1.3\Counter 1.1.3.csproj", "{D1DB5A17-EC19-4188-BDBF-3D4226AB7FBA}"
EndProject
Project("{FAE04EC0-301F-11D3-BF4B-00C04F79EFBC}") = "Starter", "Starter\Starter.csproj", "{FD13EAD7-38F4-4253-B4A8-0F3829C8D14E}"
EndProject
Project("{FAE04EC0-301F-11D3-BF4B-00C04F79EFBC}") = "Counter 1.1.5", "1.1.5\Counter 1.1.5.csproj", "{869287EB-B49D-4FF9-AF2F-8C8EDD9FA62A}"
EndProject
Project("{FAE04EC0-301F-11D3-BF4B-00C04F79EFBC}") = "Counter 1.1.6A", "1.1.6A\Counter 1.1.6A.csproj", "{4F667561-5042-4877-84D3-5C20C4DCC430}"
EndProject
Project("{FAE04EC0-301F-11D3-BF4B-00C04F79EFBC}") = "Counter (Infinite)", "Infinite\Counter (Infinite).csproj", "{5521F65C-80E3-44B2-99C2-5A19ED0AC85E}"
EndProject
Global
	GlobalSection(SolutionConfigurationPlatforms) = preSolution
		Release|x86 = Release|x86
	EndGlobalSection
	GlobalSection(ProjectConfigurationPlatforms) = postSolution
		{A1A5B886-2D0A-4D2A-AE13-409560D5227C}.Release|x86.ActiveCfg = Release|x86
		{A1A5B886-2D0A-4D2A-AE13-409560D5227C}.Release|x86.Build.0 = Release|x86
		{B1EF3351-D52E-4379-8CB4-2A38C5B10AB5}.Release|x86.ActiveCfg = Release|x86
		{B1EF3351-D52E-4379-8CB4-2A38C5B10AB5}.Release|x86.Build.0 = Release|x86
		{9D95F081-23C4-42F2-8C82-ACE4A8DDB728}.Release|x86.ActiveCfg = Release|x86
		{9D95F081-23C4-42F2-8C82-ACE4A8DDB728}.Release|x86.Build.0 = Release|x86
		{A65D7EB8-3433-4573-B7EC-F6A2F3E73483}.Release|x86.ActiveCfg = Release|x86
		{A65D7EB8-3433-4573-B7EC-F6A2F3E73483}.Release|x86.Build.0 = Release|x86
		{1E5B25AA-D305-4FA2-8781-BE839DC66441}.Release|x86.ActiveCfg = Release|x86
		{1E5B25AA-D305-4FA2-8781-BE839DC66441}.Release|x86.Build.0 = Release|x86
		{865A679C-4A3B-48BB-8B39-CFEB6792C110}.Release|x86.ActiveCfg = Release|x86
		{865A679C-4A3B-48BB-8B39-CFEB6792C110}.Release|x86.Build.0 = Release|x86
		{2011437A-81A2-4C74-9DB7-CD1D310EF1FE}.Release|x86.ActiveCfg = Release|x86
		{2011437A-81A2-4C74-9DB7-CD1D310EF1FE}.Release|x86.Build.0 = Release|x86
		{A7C02AD1-CCE0-4B4C-B329-D105941BA3A9}.Release|x86.ActiveCfg = Release|x86
		{A7C02AD1-CCE0-4B4C-B329-D105941BA3A9}.Release|x86.Build.0 = Release|x86
		{333C535B-18C6-4EB0-8FD7-80655E937953}.Release|x86.ActiveCfg = Release|x86
		{333C535B-18C6-4EB0-8FD7-80655E937953}.Release|x86.Build.0 = Release|x86
		{58135E97-B999-41D3-A23D-E1A8766A538F}.Release|x86.ActiveCfg = Release|x86
		{58135E97-B999-41D3-A23D-E1A8766A538F}.Release|x86.Build.0 = Release|x86
		{E1B6B1C1-7385-489E-BE26-6227C148522E}.Release|x86.ActiveCfg = Release|x86
		{E1B6B1C1-7385-489E-BE26-6227C148522E}.Release|x86.Build.0 = Release|x86
		{E39F7778-555F-46C6-B8D9-2F0716ADC451}.Release|x86.ActiveCfg = Release|x86
		{E39F7778-555F-46C6-B8D9-2F0716ADC451}.Release|x86.Build.0 = Release|x86
		{B4C351D9-E413-4015-814D-925DFF0C2306}.Release|x86.ActiveCfg = Release|x86
		{B4C351D9-E413-4015-814D-925DFF0C2306}.Release|x86.Build.0 = Release|x86
		{D6C4294B-C9C9-46AE-8770-6C26148136F7}.Release|x86.ActiveCfg = Release|x86
		{D6C4294B-C9C9-46AE-8770-6C26148136F7}.Release|x86.Build.0 = Release|x86
		{BDD17973-EE3B-4E78-BAEF-5108D9B118B8}.Release|x86.ActiveCfg = Release|x86
		{BDD17973-EE3B-4E78-BAEF-5108D9B118B8}.Release|x86.Build.0 = Release|x86
		{6E1CB3B7-DD20-46F5-A117-D1DA2CB97073}.Release|x86.ActiveCfg = Release|x86
		{6E1CB3B7-DD20-46F5-A117-D1DA2CB97073}.Release|x86.Build.0 = Release|x86
		{EE2BFF13-8E6B-4324-9912-14F105153147}.Release|x86.ActiveCfg = Release|x86
		{EE2BFF13-8E6B-4324-9912-14F105153147}.Release|x86.Build.0 = Release|x86
		{078FE00C-BEA9-4204-B787-B39AE22F3019}.Release|x86.ActiveCfg = Release|x86
		{078FE00C-BEA9-4204-B787-B39AE22F3019}.Release|x86.Build.0 = Release|x86
		{265E0CCE-2202-4ED0-A668-EB754C23C1C8}.Release|x86.ActiveCfg = Release|x86
		{265E0CCE-2202-4ED0-A668-EB754C23C1C8}.Release|x86.Build.0 = Release|x86
		{607FF13E-F8A8-473E-BD83-AFF0BC7DDDE2}.Release|x86.ActiveCfg = Release|x86
		{607FF13E-F8A8-473E-BD83-AFF0BC7DDDE2}.Release|x86.Build.0 = Release|x86
		{8B5FFEED-E693-426C-8EF3-AF1F4B67063C}.Release|x86.ActiveCfg = Release|x86
		{8B5FFEED-E693-426C-8EF3-AF1F4B67063C}.Release|x86.Build.0 = Release|x86
		{BE99B9A4-DC43-43AC-AE96-C01370E1EC48}.Release|x86.ActiveCfg = Release|x86
		{BE99B9A4-DC43-43AC-AE96-C01370E1EC48}.Release|x86.Build.0 = Release|x86
		{0324E176-26B6-4079-A9DB-ED8F59759039}.Release|x86.ActiveCfg = Release|x86
		{0324E176-26B6-4079-A9DB-ED8F59759039}.Release|x86.Build.0 = Release|x86
		{F6344650-29E1-4343-9469-C0639CDECDE8}.Release|x86.ActiveCfg = Release|x86
		{F6344650-29E1-4343-9469-C0639CDECDE8}.Release|x86.Build.0 = Release|x86
		{D1DB5A17-EC19-4188-BDBF-3D4226AB7FBA}.Release|x86.ActiveCfg = Release|x86
		{D1DB5A17-EC19-4188-BDBF-3D4226AB7FBA}.Release|x86.Build.0 = Release|x86
		{FD13EAD7-38F4-4253-B4A8-0F3829C8D14E}.Release|x86.ActiveCfg = Release|x86
		{FD13EAD7-38F4-4253-B4A8-0F3829C8D14E}.Release|x86.Build.0 = Release|x86
		{869287EB-B49D-4FF9-AF2F-8C8EDD9FA62A}.Release|x86.ActiveCfg = Release|x86
		{869287EB-B49D-4FF9-AF2F-8C8EDD9FA62A}.Release|x86.Build.0 = Release|x86
		{4F667561-5042-4877-84D3-5C20C4DCC430}.Release|x86.ActiveCfg = Release|x86
		{4F667561-5042-4877-84D3-5C20C4DCC430}.Release|x86.Build.0 = Release|x86
		{5521F65C-80E3-44B2-99C2-5A19ED0AC85E}.Release|x86.ActiveCfg = Release|x86
		{5521F65C-80E3-44B2-99C2-5A19ED0AC85E}.Release|x86.Build.0 = Release|x86
	EndGlobalSection
	GlobalSection(SolutionProperties) = preSolution
		HideSolutionNode = FALSE
	EndGlobalSection
	GlobalSection(ExtensibilityGlobals) = postSolution
		SolutionGuid = {59AE945E-784D-494E-A7BE-ED518B0FF56F}
	EndGlobalSection
EndGlobal
